// !$*UTF8*$!
{
	archiveVersion = 1;
	classes = {
	};
	objectVersion = 56;
	objects = {

/* Begin PBXBuildFile section */
		DD704DD32B9C5ECE005EFDD6 /* Check24OfflineTaskApp.swift in Sources */ = {isa = PBXBuildFile; fileRef = DD704DD22B9C5ECE005EFDD6 /* Check24OfflineTaskApp.swift */; };
		DD704DD52B9C5ECE005EFDD6 /* ContentView.swift in Sources */ = {isa = PBXBuildFile; fileRef = DD704DD42B9C5ECE005EFDD6 /* ContentView.swift */; };
		DD704DD72B9C5ECF005EFDD6 /* Assets.xcassets in Resources */ = {isa = PBXBuildFile; fileRef = DD704DD62B9C5ECF005EFDD6 /* Assets.xcassets */; };
		DD704DDA2B9C5ECF005EFDD6 /* Preview Assets.xcassets in Resources */ = {isa = PBXBuildFile; fileRef = DD704DD92B9C5ECF005EFDD6 /* Preview Assets.xcassets */; };
		DD704DE22B9C6358005EFDD6 /* NetworkingManager.swift in Sources */ = {isa = PBXBuildFile; fileRef = DD704DE12B9C6358005EFDD6 /* NetworkingManager.swift */; };
		DD704DE52B9C6568005EFDD6 /* ProductService.swift in Sources */ = {isa = PBXBuildFile; fileRef = DD704DE42B9C6568005EFDD6 /* ProductService.swift */; };
		DD704DE82B9C66B8005EFDD6 /* Product.swift in Sources */ = {isa = PBXBuildFile; fileRef = DD704DE72B9C66B8005EFDD6 /* Product.swift */; };
		DD704DEF2B9C6C80005EFDD6 /* HomeViewModel.swift in Sources */ = {isa = PBXBuildFile; fileRef = DD704DEE2B9C6C80005EFDD6 /* HomeViewModel.swift */; };
		DD704DF12B9C702D005EFDD6 /* HomeView.swift in Sources */ = {isa = PBXBuildFile; fileRef = DD704DF02B9C702D005EFDD6 /* HomeView.swift */; };
		DD88B1212B9C7F8500C99408 /* Date+Extension.swift in Sources */ = {isa = PBXBuildFile; fileRef = DD88B1202B9C7F8500C99408 /* Date+Extension.swift */; };
		DD88B1232B9C8B7C00C99408 /* ProductRowView.swift in Sources */ = {isa = PBXBuildFile; fileRef = DD88B1222B9C8B7C00C99408 /* ProductRowView.swift */; };
		DD88B1252B9C8FEE00C99408 /* StarRatingView.swift in Sources */ = {isa = PBXBuildFile; fileRef = DD88B1242B9C8FEE00C99408 /* StarRatingView.swift */; };
		DD88B1272B9C96F900C99408 /* Color+Extension.swift in Sources */ = {isa = PBXBuildFile; fileRef = DD88B1262B9C96F900C99408 /* Color+Extension.swift */; };
		DD88B12A2B9C997D00C99408 /* WebView.swift in Sources */ = {isa = PBXBuildFile; fileRef = DD88B1292B9C997D00C99408 /* WebView.swift */; };
/* End PBXBuildFile section */

/* Begin PBXFileReference section */
		DD704DCF2B9C5ECE005EFDD6 /* Check24OfflineTask.app */ = {isa = PBXFileReference; explicitFileType = wrapper.application; includeInIndex = 0; path = Check24OfflineTask.app; sourceTree = BUILT_PRODUCTS_DIR; };
		DD704DD22B9C5ECE005EFDD6 /* Check24OfflineTaskApp.swift */ = {isa = PBXFileReference; lastKnownFileType = sourcecode.swift; path = Check24OfflineTaskApp.swift; sourceTree = "<group>"; };
		DD704DD42B9C5ECE005EFDD6 /* ContentView.swift */ = {isa = PBXFileReference; lastKnownFileType = sourcecode.swift; path = ContentView.swift; sourceTree = "<group>"; };
		DD704DD62B9C5ECF005EFDD6 /* Assets.xcassets */ = {isa = PBXFileReference; lastKnownFileType = folder.assetcatalog; path = Assets.xcassets; sourceTree = "<group>"; };
		DD704DD92B9C5ECF005EFDD6 /* Preview Assets.xcassets */ = {isa = PBXFileReference; lastKnownFileType = folder.assetcatalog; path = "Preview Assets.xcassets"; sourceTree = "<group>"; };
		DD704DE12B9C6358005EFDD6 /* NetworkingManager.swift */ = {isa = PBXFileReference; lastKnownFileType = sourcecode.swift; path = NetworkingManager.swift; sourceTree = "<group>"; };
		DD704DE42B9C6568005EFDD6 /* ProductService.swift */ = {isa = PBXFileReference; lastKnownFileType = sourcecode.swift; path = ProductService.swift; sourceTree = "<group>"; };
		DD704DE72B9C66B8005EFDD6 /* Product.swift */ = {isa = PBXFileReference; lastKnownFileType = sourcecode.swift; path = Product.swift; sourceTree = "<group>"; };
		DD704DE92B9C69E5005EFDD6 /* Info.plist */ = {isa = PBXFileReference; lastKnownFileType = text.plist; path = Info.plist; sourceTree = "<group>"; };
		DD704DEE2B9C6C80005EFDD6 /* HomeViewModel.swift */ = {isa = PBXFileReference; lastKnownFileType = sourcecode.swift; path = HomeViewModel.swift; sourceTree = "<group>"; };
		DD704DF02B9C702D005EFDD6 /* HomeView.swift */ = {isa = PBXFileReference; lastKnownFileType = sourcecode.swift; path = HomeView.swift; sourceTree = "<group>"; };
		DD88B1202B9C7F8500C99408 /* Date+Extension.swift */ = {isa = PBXFileReference; lastKnownFileType = sourcecode.swift; path = "Date+Extension.swift"; sourceTree = "<group>"; };
		DD88B1222B9C8B7C00C99408 /* ProductRowView.swift */ = {isa = PBXFileReference; lastKnownFileType = sourcecode.swift; path = ProductRowView.swift; sourceTree = "<group>"; };
		DD88B1242B9C8FEE00C99408 /* StarRatingView.swift */ = {isa = PBXFileReference; lastKnownFileType = sourcecode.swift; path = StarRatingView.swift; sourceTree = "<group>"; };
		DD88B1262B9C96F900C99408 /* Color+Extension.swift */ = {isa = PBXFileReference; lastKnownFileType = sourcecode.swift; path = "Color+Extension.swift"; sourceTree = "<group>"; };
		DD88B1292B9C997D00C99408 /* WebView.swift */ = {isa = PBXFileReference; lastKnownFileType = sourcecode.swift; path = WebView.swift; sourceTree = "<group>"; };
/* End PBXFileReference section */

/* Begin PBXFrameworksBuildPhase section */
		DD704DCC2B9C5ECE005EFDD6 /* Frameworks */ = {
			isa = PBXFrameworksBuildPhase;
			buildActionMask = 2147483647;
			files = (
			);
			runOnlyForDeploymentPostprocessing = 0;
		};
/* End PBXFrameworksBuildPhase section */

/* Begin PBXGroup section */
		DD704DC62B9C5ECE005EFDD6 = {
			isa = PBXGroup;
			children = (
				DD704DD12B9C5ECE005EFDD6 /* Check24OfflineTask */,
				DD704DD02B9C5ECE005EFDD6 /* Products */,
			);
			sourceTree = "<group>";
		};
		DD704DD02B9C5ECE005EFDD6 /* Products */ = {
			isa = PBXGroup;
			children = (
				DD704DCF2B9C5ECE005EFDD6 /* Check24OfflineTask.app */,
			);
			name = Products;
			sourceTree = "<group>";
		};
		DD704DD12B9C5ECE005EFDD6 /* Check24OfflineTask */ = {
			isa = PBXGroup;
			children = (
				DD88B11C2B9C7AF700C99408 /* Extensions */,
				DD704DEA2B9C6C4D005EFDD6 /* Core */,
				DD704DE92B9C69E5005EFDD6 /* Info.plist */,
				DD704DE62B9C66B2005EFDD6 /* Model */,
				DD704DE32B9C6553005EFDD6 /* Services */,
				DD704DE02B9C6348005EFDD6 /* Utilities */,
				DD704DD22B9C5ECE005EFDD6 /* Check24OfflineTaskApp.swift */,
				DD704DD42B9C5ECE005EFDD6 /* ContentView.swift */,
				DD704DD62B9C5ECF005EFDD6 /* Assets.xcassets */,
				DD704DD82B9C5ECF005EFDD6 /* Preview Content */,
			);
			path = Check24OfflineTask;
			sourceTree = "<group>";
		};
		DD704DD82B9C5ECF005EFDD6 /* Preview Content */ = {
			isa = PBXGroup;
			children = (
				DD704DD92B9C5ECF005EFDD6 /* Preview Assets.xcassets */,
			);
			path = "Preview Content";
			sourceTree = "<group>";
		};
		DD704DE02B9C6348005EFDD6 /* Utilities */ = {
			isa = PBXGroup;
			children = (
				DD704DE12B9C6358005EFDD6 /* NetworkingManager.swift */,
			);
			path = Utilities;
			sourceTree = "<group>";
		};
		DD704DE32B9C6553005EFDD6 /* Services */ = {
			isa = PBXGroup;
			children = (
				DD704DE42B9C6568005EFDD6 /* ProductService.swift */,
			);
			path = Services;
			sourceTree = "<group>";
		};
		DD704DE62B9C66B2005EFDD6 /* Model */ = {
			isa = PBXGroup;
			children = (
				DD704DE72B9C66B8005EFDD6 /* Product.swift */,
			);
			path = Model;
			sourceTree = "<group>";
		};
		DD704DEA2B9C6C4D005EFDD6 /* Core */ = {
			isa = PBXGroup;
			children = (
				DD88B1282B9C997400C99408 /* Components */,
				DD88B12B2B9CA31C00C99408 /* Detail */,
				DD704DEB2B9C6C69005EFDD6 /* Home */,
			);
			path = Core;
			sourceTree = "<group>";
		};
		DD704DEB2B9C6C69005EFDD6 /* Home */ = {
			isa = PBXGroup;
			children = (
				DD704DED2B9C6C70005EFDD6 /* ViewModel */,
				DD704DEC2B9C6C6E005EFDD6 /* View */,
			);
			path = Home;
			sourceTree = "<group>";
		};
		DD704DEC2B9C6C6E005EFDD6 /* View */ = {
			isa = PBXGroup;
			children = (
				DD704DF02B9C702D005EFDD6 /* HomeView.swift */,
				DD88B1222B9C8B7C00C99408 /* ProductRowView.swift */,
			);
			path = View;
			sourceTree = "<group>";
		};
		DD704DED2B9C6C70005EFDD6 /* ViewModel */ = {
			isa = PBXGroup;
			children = (
				DD704DEE2B9C6C80005EFDD6 /* HomeViewModel.swift */,
			);
			path = ViewModel;
			sourceTree = "<group>";
		};
		DD88B11C2B9C7AF700C99408 /* Extensions */ = {
			isa = PBXGroup;
			children = (
				DD88B1202B9C7F8500C99408 /* Date+Extension.swift */,
				DD88B1262B9C96F900C99408 /* Color+Extension.swift */,
			);
			path = Extensions;
			sourceTree = "<group>";
		};
		DD88B1282B9C997400C99408 /* Components */ = {
			isa = PBXGroup;
			children = (
				DD88B1292B9C997D00C99408 /* WebView.swift */,
				DD88B1242B9C8FEE00C99408 /* StarRatingView.swift */,
			);
			path = Components;
			sourceTree = "<group>";
		};
		DD88B12B2B9CA31C00C99408 /* Detail */ = {
			isa = PBXGroup;
			children = (
			);
			path = Detail;
			sourceTree = "<group>";
		};
/* End PBXGroup section */

/* Begin PBXNativeTarget section */
		DD704DCE2B9C5ECE005EFDD6 /* Check24OfflineTask */ = {
			isa = PBXNativeTarget;
			buildConfigurationList = DD704DDD2B9C5ECF005EFDD6 /* Build configuration list for PBXNativeTarget "Check24OfflineTask" */;
			buildPhases = (
				DD704DCB2B9C5ECE005EFDD6 /* Sources */,
				DD704DCC2B9C5ECE005EFDD6 /* Frameworks */,
				DD704DCD2B9C5ECE005EFDD6 /* Resources */,
			);
			buildRules = (
			);
			dependencies = (
			);
			name = Check24OfflineTask;
			productName = Check24OfflineTask;
			productReference = DD704DCF2B9C5ECE005EFDD6 /* Check24OfflineTask.app */;
			productType = "com.apple.product-type.application";
		};
/* End PBXNativeTarget section */

/* Begin PBXProject section */
		DD704DC72B9C5ECE005EFDD6 /* Project object */ = {
			isa = PBXProject;
			attributes = {
				BuildIndependentTargetsInParallel = 1;
				LastSwiftUpdateCheck = 1400;
				LastUpgradeCheck = 1400;
				TargetAttributes = {
					DD704DCE2B9C5ECE005EFDD6 = {
						CreatedOnToolsVersion = 14.0.1;
					};
				};
			};
			buildConfigurationList = DD704DCA2B9C5ECE005EFDD6 /* Build configuration list for PBXProject "Check24OfflineTask" */;
			compatibilityVersion = "Xcode 14.0";
			developmentRegion = en;
			hasScannedForEncodings = 0;
			knownRegions = (
				en,
				Base,
			);
			mainGroup = DD704DC62B9C5ECE005EFDD6;
			productRefGroup = DD704DD02B9C5ECE005EFDD6 /* Products */;
			projectDirPath = "";
			projectRoot = "";
			targets = (
				DD704DCE2B9C5ECE005EFDD6 /* Check24OfflineTask */,
			);
		};
/* End PBXProject section */

/* Begin PBXResourcesBuildPhase section */
		DD704DCD2B9C5ECE005EFDD6 /* Resources */ = {
			isa = PBXResourcesBuildPhase;
			buildActionMask = 2147483647;
			files = (
				DD704DDA2B9C5ECF005EFDD6 /* Preview Assets.xcassets in Resources */,
				DD704DD72B9C5ECF005EFDD6 /* Assets.xcassets in Resources */,
			);
			runOnlyForDeploymentPostprocessing = 0;
		};
/* End PBXResourcesBuildPhase section */

/* Begin PBXSourcesBuildPhase section */
		DD704DCB2B9C5ECE005EFDD6 /* Sources */ = {
			isa = PBXSourcesBuildPhase;
			buildActionMask = 2147483647;
			files = (
				DD704DE22B9C6358005EFDD6 /* NetworkingManager.swift in Sources */,
				DD704DF12B9C702D005EFDD6 /* HomeView.swift in Sources */,
				DD88B1252B9C8FEE00C99408 /* StarRatingView.swift in Sources */,
				DD704DEF2B9C6C80005EFDD6 /* HomeViewModel.swift in Sources */,
				DD704DE52B9C6568005EFDD6 /* ProductService.swift in Sources */,
				DD704DE82B9C66B8005EFDD6 /* Product.swift in Sources */,
				DD88B1232B9C8B7C00C99408 /* ProductRowView.swift in Sources */,
				DD704DD52B9C5ECE005EFDD6 /* ContentView.swift in Sources */,
				DD704DD32B9C5ECE005EFDD6 /* Check24OfflineTaskApp.swift in Sources */,
				DD88B12A2B9C997D00C99408 /* WebView.swift in Sources */,
				DD88B1272B9C96F900C99408 /* Color+Extension.swift in Sources */,
				DD88B1212B9C7F8500C99408 /* Date+Extension.swift in Sources */,
			);
			runOnlyForDeploymentPostprocessing = 0;
		};
/* End PBXSourcesBuildPhase section */

/* Begin XCBuildConfiguration section */
		DD704DDB2B9C5ECF005EFDD6 /* Debug */ = {
			isa = XCBuildConfiguration;
			buildSettings = {
				ALWAYS_SEARCH_USER_PATHS = NO;
				CLANG_ANALYZER_NONNULL = YES;
				CLANG_ANALYZER_NUMBER_OBJECT_CONVERSION = YES_AGGRESSIVE;
				CLANG_CXX_LANGUAGE_STANDARD = "gnu++20";
				CLANG_ENABLE_MODULES = YES;
				CLANG_ENABLE_OBJC_ARC = YES;
				CLANG_ENABLE_OBJC_WEAK = YES;
				CLANG_WARN_BLOCK_CAPTURE_AUTORELEASING = YES;
				CLANG_WARN_BOOL_CONVERSION = YES;
				CLANG_WARN_COMMA = YES;
				CLANG_WARN_CONSTANT_CONVERSION = YES;
				CLANG_WARN_DEPRECATED_OBJC_IMPLEMENTATIONS = YES;
				CLANG_WARN_DIRECT_OBJC_ISA_USAGE = YES_ERROR;
				CLANG_WARN_DOCUMENTATION_COMMENTS = YES;
				CLANG_WARN_EMPTY_BODY = YES;
				CLANG_WARN_ENUM_CONVERSION = YES;
				CLANG_WARN_INFINITE_RECURSION = YES;
				CLANG_WARN_INT_CONVERSION = YES;
				CLANG_WARN_NON_LITERAL_NULL_CONVERSION = YES;
				CLANG_WARN_OBJC_IMPLICIT_RETAIN_SELF = YES;
				CLANG_WARN_OBJC_LITERAL_CONVERSION = YES;
				CLANG_WARN_OBJC_ROOT_CLASS = YES_ERROR;
				CLANG_WARN_QUOTED_INCLUDE_IN_FRAMEWORK_HEADER = YES;
				CLANG_WARN_RANGE_LOOP_ANALYSIS = YES;
				CLANG_WARN_STRICT_PROTOTYPES = YES;
				CLANG_WARN_SUSPICIOUS_MOVE = YES;
				CLANG_WARN_UNGUARDED_AVAILABILITY = YES_AGGRESSIVE;
				CLANG_WARN_UNREACHABLE_CODE = YES;
				CLANG_WARN__DUPLICATE_METHOD_MATCH = YES;
				COPY_PHASE_STRIP = NO;
				DEBUG_INFORMATION_FORMAT = dwarf;
				ENABLE_STRICT_OBJC_MSGSEND = YES;
				ENABLE_TESTABILITY = YES;
				GCC_C_LANGUAGE_STANDARD = gnu11;
				GCC_DYNAMIC_NO_PIC = NO;
				GCC_NO_COMMON_BLOCKS = YES;
				GCC_OPTIMIZATION_LEVEL = 0;
				GCC_PREPROCESSOR_DEFINITIONS = (
					"DEBUG=1",
					"$(inherited)",
				);
				GCC_WARN_64_TO_32_BIT_CONVERSION = YES;
				GCC_WARN_ABOUT_RETURN_TYPE = YES_ERROR;
				GCC_WARN_UNDECLARED_SELECTOR = YES;
				GCC_WARN_UNINITIALIZED_AUTOS = YES_AGGRESSIVE;
				GCC_WARN_UNUSED_FUNCTION = YES;
				GCC_WARN_UNUSED_VARIABLE = YES;
				IPHONEOS_DEPLOYMENT_TARGET = 16.0;
				MTL_ENABLE_DEBUG_INFO = INCLUDE_SOURCE;
				MTL_FAST_MATH = YES;
				ONLY_ACTIVE_ARCH = YES;
				SDKROOT = iphoneos;
				SWIFT_ACTIVE_COMPILATION_CONDITIONS = DEBUG;
				SWIFT_OPTIMIZATION_LEVEL = "-Onone";
			};
			name = Debug;
		};
		DD704DDC2B9C5ECF005EFDD6 /* Release */ = {
			isa = XCBuildConfiguration;
			buildSettings = {
				ALWAYS_SEARCH_USER_PATHS = NO;
				CLANG_ANALYZER_NONNULL = YES;
				CLANG_ANALYZER_NUMBER_OBJECT_CONVERSION = YES_AGGRESSIVE;
				CLANG_CXX_LANGUAGE_STANDARD = "gnu++20";
				CLANG_ENABLE_MODULES = YES;
				CLANG_ENABLE_OBJC_ARC = YES;
				CLANG_ENABLE_OBJC_WEAK = YES;
				CLANG_WARN_BLOCK_CAPTURE_AUTORELEASING = YES;
				CLANG_WARN_BOOL_CONVERSION = YES;
				CLANG_WARN_COMMA = YES;
				CLANG_WARN_CONSTANT_CONVERSION = YES;
				CLANG_WARN_DEPRECATED_OBJC_IMPLEMENTATIONS = YES;
				CLANG_WARN_DIRECT_OBJC_ISA_USAGE = YES_ERROR;
				CLANG_WARN_DOCUMENTATION_COMMENTS = YES;
				CLANG_WARN_EMPTY_BODY = YES;
				CLANG_WARN_ENUM_CONVERSION = YES;
				CLANG_WARN_INFINITE_RECURSION = YES;
				CLANG_WARN_INT_CONVERSION = YES;
				CLANG_WARN_NON_LITERAL_NULL_CONVERSION = YES;
				CLANG_WARN_OBJC_IMPLICIT_RETAIN_SELF = YES;
				CLANG_WARN_OBJC_LITERAL_CONVERSION = YES;
				CLANG_WARN_OBJC_ROOT_CLASS = YES_ERROR;
				CLANG_WARN_QUOTED_INCLUDE_IN_FRAMEWORK_HEADER = YES;
				CLANG_WARN_RANGE_LOOP_ANALYSIS = YES;
				CLANG_WARN_STRICT_PROTOTYPES = YES;
				CLANG_WARN_SUSPICIOUS_MOVE = YES;
				CLANG_WARN_UNGUARDED_AVAILABILITY = YES_AGGRESSIVE;
				CLANG_WARN_UNREACHABLE_CODE = YES;
				CLANG_WARN__DUPLICATE_METHOD_MATCH = YES;
				COPY_PHASE_STRIP = NO;
				DEBUG_INFORMATION_FORMAT = "dwarf-with-dsym";
				ENABLE_NS_ASSERTIONS = NO;
				ENABLE_STRICT_OBJC_MSGSEND = YES;
				GCC_C_LANGUAGE_STANDARD = gnu11;
				GCC_NO_COMMON_BLOCKS = YES;
				GCC_WARN_64_TO_32_BIT_CONVERSION = YES;
				GCC_WARN_ABOUT_RETURN_TYPE = YES_ERROR;
				GCC_WARN_UNDECLARED_SELECTOR = YES;
				GCC_WARN_UNINITIALIZED_AUTOS = YES_AGGRESSIVE;
				GCC_WARN_UNUSED_FUNCTION = YES;
				GCC_WARN_UNUSED_VARIABLE = YES;
				IPHONEOS_DEPLOYMENT_TARGET = 16.0;
				MTL_ENABLE_DEBUG_INFO = NO;
				MTL_FAST_MATH = YES;
				SDKROOT = iphoneos;
				SWIFT_COMPILATION_MODE = wholemodule;
				SWIFT_OPTIMIZATION_LEVEL = "-O";
				VALIDATE_PRODUCT = YES;
			};
			name = Release;
		};
		DD704DDE2B9C5ECF005EFDD6 /* Debug */ = {
			isa = XCBuildConfiguration;
			buildSettings = {
				ASSETCATALOG_COMPILER_APPICON_NAME = AppIcon;
				ASSETCATALOG_COMPILER_GLOBAL_ACCENT_COLOR_NAME = AccentColor;
				CODE_SIGN_STYLE = Automatic;
				CURRENT_PROJECT_VERSION = 1;
				DEVELOPMENT_ASSET_PATHS = "\"Check24OfflineTask/Preview Content\"";
				DEVELOPMENT_TEAM = DC2CCCCLGJ;
				ENABLE_PREVIEWS = YES;
				GENERATE_INFOPLIST_FILE = YES;
				INFOPLIST_FILE = Check24OfflineTask/Info.plist;
				INFOPLIST_KEY_UIApplicationSceneManifest_Generation = YES;
				INFOPLIST_KEY_UIApplicationSupportsIndirectInputEvents = YES;
				INFOPLIST_KEY_UILaunchScreen_Generation = YES;
				INFOPLIST_KEY_UISupportedInterfaceOrientations_iPad = "UIInterfaceOrientationPortrait UIInterfaceOrientationPortraitUpsideDown UIInterfaceOrientationLandscapeLeft UIInterfaceOrientationLandscapeRight";
				INFOPLIST_KEY_UISupportedInterfaceOrientations_iPhone = "UIInterfaceOrientationPortrait UIInterfaceOrientationLandscapeLeft UIInterfaceOrientationLandscapeRight";
				LD_RUNPATH_SEARCH_PATHS = (
					"$(inherited)",
					"@executable_path/Frameworks",
				);
				MARKETING_VERSION = 1.0;
				PRODUCT_BUNDLE_IDENTIFIER = com.aligorkemaksoz.Check24OfflineTask;
				PRODUCT_NAME = "$(TARGET_NAME)";
				SWIFT_EMIT_LOC_STRINGS = YES;
				SWIFT_VERSION = 5.0;
				TARGETED_DEVICE_FAMILY = "1,2";
			};
			name = Debug;
		};
		DD704DDF2B9C5ECF005EFDD6 /* Release */ = {
			isa = XCBuildConfiguration;
			buildSettings = {
				ASSETCATALOG_COMPILER_APPICON_NAME = AppIcon;
				ASSETCATALOG_COMPILER_GLOBAL_ACCENT_COLOR_NAME = AccentColor;
				CODE_SIGN_STYLE = Automatic;
				CURRENT_PROJECT_VERSION = 1;
				DEVELOPMENT_ASSET_PATHS = "\"Check24OfflineTask/Preview Content\"";
				DEVELOPMENT_TEAM = DC2CCCCLGJ;
				ENABLE_PREVIEWS = YES;
				GENERATE_INFOPLIST_FILE = YES;
				INFOPLIST_FILE = Check24OfflineTask/Info.plist;
				INFOPLIST_KEY_UIApplicationSceneManifest_Generation = YES;
				INFOPLIST_KEY_UIApplicationSupportsIndirectInputEvents = YES;
				INFOPLIST_KEY_UILaunchScreen_Generation = YES;
				INFOPLIST_KEY_UISupportedInterfaceOrientations_iPad = "UIInterfaceOrientationPortrait UIInterfaceOrientationPortraitUpsideDown UIInterfaceOrientationLandscapeLeft UIInterfaceOrientationLandscapeRight";
				INFOPLIST_KEY_UISupportedInterfaceOrientations_iPhone = "UIInterfaceOrientationPortrait UIInterfaceOrientationLandscapeLeft UIInterfaceOrientationLandscapeRight";
				LD_RUNPATH_SEARCH_PATHS = (
					"$(inherited)",
					"@executable_path/Frameworks",
				);
				MARKETING_VERSION = 1.0;
				PRODUCT_BUNDLE_IDENTIFIER = com.aligorkemaksoz.Check24OfflineTask;
				PRODUCT_NAME = "$(TARGET_NAME)";
				SWIFT_EMIT_LOC_STRINGS = YES;
				SWIFT_VERSION = 5.0;
				TARGETED_DEVICE_FAMILY = "1,2";
			};
			name = Release;
		};
/* End XCBuildConfiguration section */

/* Begin XCConfigurationList section */
		DD704DCA2B9C5ECE005EFDD6 /* Build configuration list for PBXProject "Check24OfflineTask" */ = {
			isa = XCConfigurationList;
			buildConfigurations = (
				DD704DDB2B9C5ECF005EFDD6 /* Debug */,
				DD704DDC2B9C5ECF005EFDD6 /* Release */,
			);
			defaultConfigurationIsVisible = 0;
			defaultConfigurationName = Release;
		};
		DD704DDD2B9C5ECF005EFDD6 /* Build configuration list for PBXNativeTarget "Check24OfflineTask" */ = {
			isa = XCConfigurationList;
			buildConfigurations = (
				DD704DDE2B9C5ECF005EFDD6 /* Debug */,
				DD704DDF2B9C5ECF005EFDD6 /* Release */,
			);
			defaultConfigurationIsVisible = 0;
			defaultConfigurationName = Release;
		};
/* End XCConfigurationList section */
	};
	rootObject = DD704DC72B9C5ECE005EFDD6 /* Project object */;
}
